
Microsoft Visual Studio Solution File, Format Version 12.00
# Visual Studio Version 17
VisualStudioVersion = 17.9.34701.34
MinimumVisualStudioVersion = 10.0.40219.1
Project("{9A19103F-16F7-4668-BE54-9A1E7A4F7556}") = "BlazorPortfolio", "BlazorPortfolio\BlazorPortfolio.csproj", "{CA87DE8D-61CC-4BB8-A74D-E48AEAA014C1}"
EndProject
Project("{9A19103F-16F7-4668-BE54-9A1E7A4F7556}") = "BlazorPortfolio.Client", "BlazorPortfolio.Client\BlazorPortfolio.Client.csproj", "{646DF313-6EBA-4232-B851-881C435FF56C}"
EndProject
Project("{9A19103F-16F7-4668-BE54-9A1E7A4F7556}") = "BlazorPorfolio.Models", "BlazorPorfolio.Models\BlazorPorfolio.Models.csproj", "{EA3EFCCD-D0F8-4EAA-8903-D343AA2E33A2}"
EndProject
Global
	GlobalSection(SolutionConfigurationPlatforms) = preSolution
		Debug|Any CPU = Debug|Any CPU
		Release|Any CPU = Release|Any CPU
	EndGlobalSection
	GlobalSection(ProjectConfigurationPlatforms) = postSolution
		{CA87DE8D-61CC-4BB8-A74D-E48AEAA014C1}.Debug|Any CPU.ActiveCfg = Debug|Any CPU
		{CA87DE8D-61CC-4BB8-A74D-E48AEAA014C1}.Debug|Any CPU.Build.0 = Debug|Any CPU
		{CA87DE8D-61CC-4BB8-A74D-E48AEAA014C1}.Release|Any CPU.ActiveCfg = Release|Any CPU
		{CA87DE8D-61CC-4BB8-A74D-E48AEAA014C1}.Release|Any CPU.Build.0 = Release|Any CPU
		{646DF313-6EBA-4232-B851-881C435FF56C}.Debug|Any CPU.ActiveCfg = Debug|Any CPU
		{646DF313-6EBA-4232-B851-881C435FF56C}.Debug|Any CPU.Build.0 = Debug|Any CPU
		{646DF313-6EBA-4232-B851-881C435FF56C}.Release|Any CPU.ActiveCfg = Release|Any CPU
		{646DF313-6EBA-4232-B851-881C435FF56C}.Release|Any CPU.Build.0 = Release|Any CPU
		{EA3EFCCD-D0F8-4EAA-8903-D343AA2E33A2}.Debug|Any CPU.ActiveCfg = Debug|Any CPU
		{EA3EFCCD-D0F8-4EAA-8903-D343AA2E33A2}.Debug|Any CPU.Build.0 = Debug|Any CPU
		{EA3EFCCD-D0F8-4EAA-8903-D343AA2E33A2}.Release|Any CPU.ActiveCfg = Release|Any CPU
		{EA3EFCCD-D0F8-4EAA-8903-D343AA2E33A2}.Release|Any CPU.Build.0 = Release|Any CPU
	EndGlobalSection
	GlobalSection(SolutionProperties) = preSolution
		HideSolutionNode = FALSE
	EndGlobalSection
	GlobalSection(ExtensibilityGlobals) = postSolution
		SolutionGuid = {CB2747A4-2EE3-4AE1-ACB5-EFA5D57AB732}
	EndGlobalSection
EndGlobal
